
Microsoft Visual Studio Solution File, Format Version 12.00
# Visual Studio Version 17
VisualStudioVersion = 17.9.34728.123
MinimumVisualStudioVersion = 10.0.40219.1
Project("{FAE04EC0-301F-11D3-BF4B-00C04F79EFBC}") = "TestEditorConfig", "TestEditorConfig\TestEditorConfig.csproj", "{3FCF27E8-EBAB-432F-98FC-A41F5341F651}"
EndProject
Global
	GlobalSection(SolutionConfigurationPlatforms) = preSolution
		Debug|Any CPU = Debug|Any CPU
		Release|Any CPU = Release|Any CPU
	EndGlobalSection
	GlobalSection(ProjectConfigurationPlatforms) = postSolution
		{3FCF27E8-EBAB-432F-98FC-A41F5341F651}.Debug|Any CPU.ActiveCfg = Debug|Any CPU
		{3FCF27E8-EBAB-432F-98FC-A41F5341F651}.Debug|Any CPU.Build.0 = Debug|Any CPU
		{3FCF27E8-EBAB-432F-98FC-A41F5341F651}.Release|Any CPU.ActiveCfg = Release|Any CPU
		{3FCF27E8-EBAB-432F-98FC-A41F5341F651}.Release|Any CPU.Build.0 = Release|Any CPU
	EndGlobalSection
	GlobalSection(SolutionProperties) = preSolution
		HideSolutionNode = FALSE
	EndGlobalSection
	GlobalSection(ExtensibilityGlobals) = postSolution
		SolutionGuid = {4BF7F892-15B2-4865-958A-32EFE8A5F26C}
	EndGlobalSection
EndGlobal
